
Microsoft Visual Studio Solution File, Format Version 12.00
# Visual Studio Version 16
VisualStudioVersion = 16.0.30907.101
MinimumVisualStudioVersion = 10.0.40219.1
Project("{FAE04EC0-301F-11D3-BF4B-00C04F79EFBC}") = "JoelHiltonMovies", "JoelHiltonMovies.csproj", "{73AA5C0B-1FE0-4327-8F8A-4C8F8F45FB8A}"
EndProject
Global
	GlobalSection(SolutionConfigurationPlatforms) = preSolution
		Debug|Any CPU = Debug|Any CPU
		Release|Any CPU = Release|Any CPU
	EndGlobalSection
	GlobalSection(ProjectConfigurationPlatforms) = postSolution
		{73AA5C0B-1FE0-4327-8F8A-4C8F8F45FB8A}.Debug|Any CPU.ActiveCfg = Debug|Any CPU
		{73AA5C0B-1FE0-4327-8F8A-4C8F8F45FB8A}.Debug|Any CPU.Build.0 = Debug|Any CPU
		{73AA5C0B-1FE0-4327-8F8A-4C8F8F45FB8A}.Release|Any CPU.ActiveCfg = Release|Any CPU
		{73AA5C0B-1FE0-4327-8F8A-4C8F8F45FB8A}.Release|Any CPU.Build.0 = Release|Any CPU
	EndGlobalSection
	GlobalSection(SolutionProperties) = preSolution
		HideSolutionNode = FALSE
	EndGlobalSection
	GlobalSection(ExtensibilityGlobals) = postSolution
		SolutionGuid = {1C32D759-887A-4765-8D5B-EA5EF6B7A895}
	EndGlobalSection
EndGlobal
